
Microsoft Visual Studio Solution File, Format Version 12.00
# Visual Studio Version 17
VisualStudioVersion = 17.4.33122.133
MinimumVisualStudioVersion = 10.0.40219.1
Project("{FAE04EC0-301F-11D3-BF4B-00C04F79EFBC}") = "ScreenReceiverUdp", "ScreenReceiverUdp\ScreenReceiverUdp.csproj", "{EC39E1CF-7757-453E-A65D-7533DAD9287A}"
EndProject
Global
	GlobalSection(SolutionConfigurationPlatforms) = preSolution
		Debug|Any CPU = Debug|Any CPU
		Release|Any CPU = Release|Any CPU
	EndGlobalSection
	GlobalSection(ProjectConfigurationPlatforms) = postSolution
		{EC39E1CF-7757-453E-A65D-7533DAD9287A}.Debug|Any CPU.ActiveCfg = Debug|Any CPU
		{EC39E1CF-7757-453E-A65D-7533DAD9287A}.Debug|Any CPU.Build.0 = Debug|Any CPU
		{EC39E1CF-7757-453E-A65D-7533DAD9287A}.Release|Any CPU.ActiveCfg = Release|Any CPU
		{EC39E1CF-7757-453E-A65D-7533DAD9287A}.Release|Any CPU.Build.0 = Release|Any CPU
	EndGlobalSection
	GlobalSection(SolutionProperties) = preSolution
		HideSolutionNode = FALSE
	EndGlobalSection
	GlobalSection(ExtensibilityGlobals) = postSolution
		SolutionGuid = {572D1FEB-2A45-4E40-B6A3-059D1AEA8007}
	EndGlobalSection
EndGlobal
